<Solution>
  <Folder Name="/src/" />
  <Folder Name="/src/BuildingBlocks/">
    <Project Path="CoreKit.Infrastructure/CoreKit.Infrastructure.csproj" Id="5e45f5df-27dd-4d20-a3e8-b26b3abee117" />
    <Project Path="SaaSPlatform.SharedKernel/CoreKit.SharedKernel.csproj" />
  </Folder>
  <Folder Name="/src/Hosts/">
    <Project Path="SaaSPlatform.Admin.Api/SaaSPlatform.Admin.Api.csproj" Id="b843937d-8082-4b12-92b5-a21e389c3200" />
    <Project Path="SaaSPlatform.Public.Api/SaaSPlatform.Public.Api.csproj" Id="0bed833a-03e2-40de-acb3-ef91be1a1162" />
    <Project Path="SaaSPlatform.Tenant.Api/SaaSPlatform.Tenant.Api.csproj" />
  </Folder>
  <Folder Name="/src/Modules/">
    <Project Path="CoreKit.Catalog/CoreKit.Catalog.csproj" Id="69343311-2717-48c1-afca-a27643f36fc5" />
    <Project Path="CoreKit.IAM/CoreKit.IAM.csproj" />
    <Project Path="CoreKit.Order/CoreKit.Order.csproj" Id="207126aa-b67a-4ac4-9365-d8f63f279684" />
    <Project Path="CoreKit.Subscription/CoreKit.Subscription.csproj" Id="29c4d424-b996-47df-8028-fa63836a4cab" />
    <Project Path="CoreKit.Tenant/CoreKit.Tenant.csproj" />
  </Folder>
  <Folder Name="/src/seeders/">
    <Project Path="SaaSPlatform.Seeder/SaaSPlatform.Seeder.csproj" />
  </Folder>
</Solution>
